
Microsoft Visual Studio Solution File, Format Version 12.00
# Visual Studio Version 17
VisualStudioVersion = 17.9.34723.18
MinimumVisualStudioVersion = 10.0.40219.1
Project("{FAE04EC0-301F-11D3-BF4B-00C04F79EFBC}") = "dquimbitaT3", "dquimbitaT3.csproj", "{F747CCF7-AB64-4843-8799-83AE928E181C}"
EndProject
Global
	GlobalSection(SolutionConfigurationPlatforms) = preSolution
		Debug|Any CPU = Debug|Any CPU
		Release|Any CPU = Release|Any CPU
	EndGlobalSection
	GlobalSection(ProjectConfigurationPlatforms) = postSolution
		{F747CCF7-AB64-4843-8799-83AE928E181C}.Debug|Any CPU.ActiveCfg = Debug|Any CPU
		{F747CCF7-AB64-4843-8799-83AE928E181C}.Debug|Any CPU.Build.0 = Debug|Any CPU
		{F747CCF7-AB64-4843-8799-83AE928E181C}.Debug|Any CPU.Deploy.0 = Debug|Any CPU
		{F747CCF7-AB64-4843-8799-83AE928E181C}.Release|Any CPU.ActiveCfg = Release|Any CPU
		{F747CCF7-AB64-4843-8799-83AE928E181C}.Release|Any CPU.Build.0 = Release|Any CPU
		{F747CCF7-AB64-4843-8799-83AE928E181C}.Release|Any CPU.Deploy.0 = Release|Any CPU
	EndGlobalSection
	GlobalSection(SolutionProperties) = preSolution
		HideSolutionNode = FALSE
	EndGlobalSection
	GlobalSection(ExtensibilityGlobals) = postSolution
		SolutionGuid = {AABC000D-2DCF-4921-BF60-48412C359278}
	EndGlobalSection
EndGlobal
